# Imported from EliteEnchantments (id: teleblock). Review before shipping.
display: "Teleblock"
description: "&cArrows block the target from &cusing ender pearls and remove &ctheir pearls.  &c&lI: &f⌛ 25s &7| &f☄ 6 &c&lII: &f⌛ 25s &7| &f☄ 12 &c&lIII: &f⌛ 25s &7| &f☄ 18 &c&lIV: &f⌛ 25s &7| &f☄ 24 &c&lV: &f⌛ 25s &7| &f☄ 30"
trigger: BOW
applies-to: [BOW]
group: "soul"
tier: soul
levels:
  1:
    cooldown: 25
    effects: []
      # TODO port manually: TELEBLOCK:20 — no StarEnchants equivalent for EE effect 'TELEBLOCK' — port this effect manually
  2:
    cooldown: 25
    effects: []
      # TODO port manually: TELEBLOCK:20 — no StarEnchants equivalent for EE effect 'TELEBLOCK' — port this effect manually
  3:
    cooldown: 25
    effects: []
      # TODO port manually: TELEBLOCK:20 — no StarEnchants equivalent for EE effect 'TELEBLOCK' — port this effect manually
  4:
    cooldown: 25
    effects: []
      # TODO port manually: TELEBLOCK:20 — no StarEnchants equivalent for EE effect 'TELEBLOCK' — port this effect manually
  5:
    cooldown: 25
    effects: []
      # TODO port manually: TELEBLOCK:20 — no StarEnchants equivalent for EE effect 'TELEBLOCK' — port this effect manually
