# Imported from EliteEnchantments (id: teleblock). Review before shipping.
display: "Teleblock"
description: "&cArrows block the target from &cusing ender pearls and remove &ctheir pearls.  &c&lI: &f⌛ 25s &7| &f☄ 6 &c&lII: &f⌛ 25s &7| &f☄ 12 &c&lIII: &f⌛ 25s &7| &f☄ 18 &c&lIV: &f⌛ 25s &7| &f☄ 24 &c&lV: &f⌛ 25s &7| &f☄ 30"
trigger: BOW
applies-to: [BOW]
group: "soul"
tier: soul
levels:
  1:
    cooldown: 25
    effects:
      - { TELEBLOCK: { duration: 400, who: "@Victim" } }  # from TELEBLOCK:20 — EE TELEBLOCK → TELEBLOCK (seconds → ticks)
  2:
    cooldown: 25
    effects:
      - { TELEBLOCK: { duration: 400, who: "@Victim" } }  # from TELEBLOCK:20 — EE TELEBLOCK → TELEBLOCK (seconds → ticks)
  3:
    cooldown: 25
    effects:
      - { TELEBLOCK: { duration: 400, who: "@Victim" } }  # from TELEBLOCK:20 — EE TELEBLOCK → TELEBLOCK (seconds → ticks)
  4:
    cooldown: 25
    effects:
      - { TELEBLOCK: { duration: 400, who: "@Victim" } }  # from TELEBLOCK:20 — EE TELEBLOCK → TELEBLOCK (seconds → ticks)
  5:
    cooldown: 25
    effects:
      - { TELEBLOCK: { duration: 400, who: "@Victim" } }  # from TELEBLOCK:20 — EE TELEBLOCK → TELEBLOCK (seconds → ticks)
