# Cosmic codex source: 03-enchants-swords.md — swords/Block.java
display: Block
description: A chance while actively blocking to reduce incoming damage.
trigger: [DEFENSE]
applies-to: [SWORD]
group: ultimate
tier: ultimate
stacking: HIGHEST
levels:
  1:
    chance: 10
    condition: '%blocking% == true'
    effects:
      - { DAMAGE_MOD: { side: defense, mode: multiply, amount: 0.75 } }
      - { SOUND: { sound: ITEM_BREAK, volume: 0.7, pitch: 0.2, audience: target, who: '@Self' } }
  2:
    chance: 20
    condition: '%blocking% == true'
    effects:
      - { DAMAGE_MOD: { side: defense, mode: multiply, amount: 0.5 } }
      - { SOUND: { sound: ITEM_BREAK, volume: 0.7, pitch: 0.2, audience: target, who: '@Self' } }
  3:
    chance: 30.000000000000004
    condition: '%blocking% == true'
    effects:
      - { DAMAGE_MOD: { side: defense, mode: multiply, amount: 0.25 } }
      - { SOUND: { sound: ITEM_BREAK, volume: 0.7, pitch: 0.2, audience: target, who: '@Self' } }
