# Imported from EliteEnchantments (id: block). Review before shipping.
display: "Block"
description:
  - "&eWhen hit, reduces the damage"
  - "&etaken and deals damage back to"
  - "&ethe attacker."
trigger: DEFENSE
applies-to: [SWORD]
group: "epic"
tier: epic
levels:
  1:
    cooldown: 80
    effects:
      - { SOUND: { sound: "ITEM_SHIELD_BLOCK", volume: 1.0, pitch: 1.0 } }
      - { PARTICLE: { particle: "CRIT", count: 6, who: "@Attacker" } }
      - { DAMAGE_MOD: { side: "defense", mode: "add", amount: 50 } }  # from REDUCTION:50
      - { DAMAGE: { amount: 4, who: "@Attacker" } }  # from DAMAGE:1:4:TARGET — legacy random range 1-4 collapsed to its max
  2:
    cooldown: 80
    effects:
      - { SOUND: { sound: "ITEM_SHIELD_BLOCK", volume: 1.0, pitch: 1.0 } }
      - { PARTICLE: { particle: "CRIT", count: 6, who: "@Attacker" } }
      - { DAMAGE_MOD: { side: "defense", mode: "add", amount: 50 } }  # from REDUCTION:50
      - { DAMAGE: { amount: 4, who: "@Attacker" } }  # from DAMAGE:1:4:TARGET — legacy random range 1-4 collapsed to its max
  3:
    cooldown: 80
    effects:
      - { SOUND: { sound: "ITEM_SHIELD_BLOCK", volume: 1.0, pitch: 1.0 } }
      - { PARTICLE: { particle: "CRIT", count: 6, who: "@Attacker" } }
      - { DAMAGE_MOD: { side: "defense", mode: "add", amount: 50 } }  # from REDUCTION:50
      - { DAMAGE: { amount: 4, who: "@Attacker" } }  # from DAMAGE:1:4:TARGET — legacy random range 1-4 collapsed to its max
