# Cosmic codex source: 06-enchants-tools-heroic.md — heroic/HeroicBlock.java
display: Reflective Block
description: A high chance to greatly decrease or completely negate incoming damage while blocking, and to reflect an incoming
  attack back on the attacker whether you are blocking or not.
trigger:
- DEFENSE
applies-to:
- SWORD
group: heroic
tier: heroic
disabled-environments: [THE_END]
stacking: HIGHEST
levels:
  1:
    abilities:
      - { trigger: DEFENSE, condition: '%blocking% == true', effects: [{ RESISTED_ROLL: { chance: 70, resistance-level: 0, resist-per-level: 0 } }, { DAMAGE_MOD: { side: defense, mode: multiply, amount: 0.75 } }, { REQUIRE_VALUE: { value: '%victim.isplayer%', min: 1 } }, { RESISTED_ROLL: { chance: 13, resistance-level: 0, resist-per-level: 0 } }, { MESSAGE: { text: '&a&l* BLOCKED [{NUMBER} DMG] *', number: '%finaldamage%', decimals: 2 } }, { PARTICLE: { particle: CRIT, count: 25, speed: 0.75, anchor: feet, y-offset: 1, who: '@Self' } }, { DAMAGE: { amount: '%finaldamage% * 0.25', attributed: false, who: '@Attacker' } }, { SOUND: { sound: ZOMBIE_METAL, volume: 10, pitch: 2, who: '@Self' } }, { PARTICLE: { particle: SPELL_WITCH, count: 25, speed: 0.75, anchor: feet, y-offset: 1, who: '@Attacker' } }, { MESSAGE: { text: '&c&l* {ATTACKER} REFLECTIVE BLOCK [&725% DMG&c&l]', who: '@Attacker' } }] }
      - { trigger: DEFENSE, condition: '%blocking% == false', effects: [{ RESISTED_ROLL: { chance: 16, resistance-level: 0, resist-per-level: 0 } }, { DAMAGE_MOD: { side: defense, mode: multiply, amount: 0.75 } }, { REQUIRE_VALUE: { value: '%victim.isplayer%', min: 1 } }, { RESISTED_ROLL: { chance: 8, resistance-level: 0, resist-per-level: 0 } }, { MESSAGE: { text: '&a&l* BLOCKED [{NUMBER} DMG] *', number: '%finaldamage%', decimals: 2 } }, { PARTICLE: { particle: CRIT, count: 25, speed: 0.75, anchor: feet, y-offset: 1, who: '@Self' } }, { DAMAGE: { amount: '%finaldamage% * 0.25', attributed: false, who: '@Attacker' } }, { SOUND: { sound: ZOMBIE_METAL, volume: 10, pitch: 2, who: '@Self' } }, { PARTICLE: { particle: SPELL_WITCH, count: 25, speed: 0.75, anchor: feet, y-offset: 1, who: '@Attacker' } }, { MESSAGE: { text: '&c&l* {ATTACKER} REFLECTIVE BLOCK [&725% DMG&c&l]', who: '@Attacker' } }] }
  2:
    abilities:
      - { trigger: DEFENSE, condition: '%blocking% == true', effects: [{ RESISTED_ROLL: { chance: 100, resistance-level: 0, resist-per-level: 0 } }, { DAMAGE_MOD: { side: defense, mode: multiply, amount: 0.5 } }, { REQUIRE_VALUE: { value: '%victim.isplayer%', min: 1 } }, { RESISTED_ROLL: { chance: 21, resistance-level: 0, resist-per-level: 0 } }, { MESSAGE: { text: '&a&l* BLOCKED [{NUMBER} DMG] *', number: '%finaldamage%', decimals: 2 } }, { PARTICLE: { particle: CRIT, count: 25, speed: 0.75, anchor: feet, y-offset: 1, who: '@Self' } }, { DAMAGE: { amount: '%finaldamage% * 0.5', attributed: false, who: '@Attacker' } }, { SOUND: { sound: ZOMBIE_METAL, volume: 10, pitch: 2, who: '@Self' } }, { PARTICLE: { particle: SPELL_WITCH, count: 25, speed: 0.75, anchor: feet, y-offset: 1, who: '@Attacker' } }, { MESSAGE: { text: '&c&l* {ATTACKER} REFLECTIVE BLOCK [&750% DMG&c&l]', who: '@Attacker' } }] }
      - { trigger: DEFENSE, condition: '%blocking% == false', effects: [{ RESISTED_ROLL: { chance: 32, resistance-level: 0, resist-per-level: 0 } }, { DAMAGE_MOD: { side: defense, mode: multiply, amount: 0.5 } }, { REQUIRE_VALUE: { value: '%victim.isplayer%', min: 1 } }, { RESISTED_ROLL: { chance: 16, resistance-level: 0, resist-per-level: 0 } }, { MESSAGE: { text: '&a&l* BLOCKED [{NUMBER} DMG] *', number: '%finaldamage%', decimals: 2 } }, { PARTICLE: { particle: CRIT, count: 25, speed: 0.75, anchor: feet, y-offset: 1, who: '@Self' } }, { DAMAGE: { amount: '%finaldamage% * 0.5', attributed: false, who: '@Attacker' } }, { SOUND: { sound: ZOMBIE_METAL, volume: 10, pitch: 2, who: '@Self' } }, { PARTICLE: { particle: SPELL_WITCH, count: 25, speed: 0.75, anchor: feet, y-offset: 1, who: '@Attacker' } }, { MESSAGE: { text: '&c&l* {ATTACKER} REFLECTIVE BLOCK [&750% DMG&c&l]', who: '@Attacker' } }] }
  3:
    abilities:
      - { trigger: DEFENSE, condition: '%blocking% == true', effects: [{ RESISTED_ROLL: { chance: 100, resistance-level: 0, resist-per-level: 0 } }, { DAMAGE_MOD: { side: defense, mode: multiply, amount: 0.25 } }, { REQUIRE_VALUE: { value: '%victim.isplayer%', min: 1 } }, { RESISTED_ROLL: { chance: 29, resistance-level: 0, resist-per-level: 0 } }, { MESSAGE: { text: '&a&l* BLOCKED [{NUMBER} DMG] *', number: '%finaldamage%', decimals: 2 } }, { PARTICLE: { particle: CRIT, count: 25, speed: 0.75, anchor: feet, y-offset: 1, who: '@Self' } }, { DAMAGE: { amount: '%finaldamage% * 0.75', attributed: false, who: '@Attacker' } }, { SOUND: { sound: ZOMBIE_METAL, volume: 10, pitch: 2, who: '@Self' } }, { PARTICLE: { particle: SPELL_WITCH, count: 25, speed: 0.75, anchor: feet, y-offset: 1, who: '@Attacker' } }, { MESSAGE: { text: '&c&l* {ATTACKER} REFLECTIVE BLOCK [&775% DMG&c&l]', who: '@Attacker' } }] }
      - { trigger: DEFENSE, condition: '%blocking% == false', effects: [{ RESISTED_ROLL: { chance: 48, resistance-level: 0, resist-per-level: 0 } }, { DAMAGE_MOD: { side: defense, mode: multiply, amount: 0.25 } }, { REQUIRE_VALUE: { value: '%victim.isplayer%', min: 1 } }, { RESISTED_ROLL: { chance: 24, resistance-level: 0, resist-per-level: 0 } }, { MESSAGE: { text: '&a&l* BLOCKED [{NUMBER} DMG] *', number: '%finaldamage%', decimals: 2 } }, { PARTICLE: { particle: CRIT, count: 25, speed: 0.75, anchor: feet, y-offset: 1, who: '@Self' } }, { DAMAGE: { amount: '%finaldamage% * 0.75', attributed: false, who: '@Attacker' } }, { SOUND: { sound: ZOMBIE_METAL, volume: 10, pitch: 2, who: '@Self' } }, { PARTICLE: { particle: SPELL_WITCH, count: 25, speed: 0.75, anchor: feet, y-offset: 1, who: '@Attacker' } }, { MESSAGE: { text: '&c&l* {ATTACKER} REFLECTIVE BLOCK [&775% DMG&c&l]', who: '@Attacker' } }] }