# Cosmic codex source: 05-enchants-bows.md — bow/Teleblock.java + TeleblockListener.java
display: Teleblock
description: Active Soul Enchantment. Pays 6 souls per level when fired, then teleblocks a struck player for 5 + 3 seconds per level and removes up to 3 plain ender pearls per level.
trigger: [BOW]
applies-to: [BOW]
group: soul
tier: soul
disabled-environments: [THE_END]
stacking: HIGHEST
levels:
  1: { effects: [] }
  2: { effects: [] }
  3: { effects: [] }
  4: { effects: [] }
  5: { effects: [] }
